
Microsoft Visual Studio Solution File, Format Version 12.00
# Visual Studio Version 17
VisualStudioVersion = 17.14.36429.23 d17.14
MinimumVisualStudioVersion = 10.0.40219.1
Project("{FAE04EC0-301F-11D3-BF4B-00C04F79EFBC}") = "ZeroPoint", "Zero Point\ZeroPoint.csproj", "{D9F03CEA-8E93-44D7-9F17-E6CCF06A32D1}"
EndProject
Global
	GlobalSection(SolutionConfigurationPlatforms) = preSolution
		Debug|Any CPU = Debug|Any CPU
		Release|Any CPU = Release|Any CPU
	EndGlobalSection
	GlobalSection(ProjectConfigurationPlatforms) = postSolution
		{D9F03CEA-8E93-44D7-9F17-E6CCF06A32D1}.Debug|Any CPU.ActiveCfg = Debug|Any CPU
		{D9F03CEA-8E93-44D7-9F17-E6CCF06A32D1}.Debug|Any CPU.Build.0 = Debug|Any CPU
		{D9F03CEA-8E93-44D7-9F17-E6CCF06A32D1}.Release|Any CPU.ActiveCfg = Release|Any CPU
		{D9F03CEA-8E93-44D7-9F17-E6CCF06A32D1}.Release|Any CPU.Build.0 = Release|Any CPU
	EndGlobalSection
	GlobalSection(SolutionProperties) = preSolution
		HideSolutionNode = FALSE
	EndGlobalSection
	GlobalSection(ExtensibilityGlobals) = postSolution
		SolutionGuid = {B2FD541A-D34F-4697-902B-5C2F47F23254}
	EndGlobalSection
EndGlobal
